// !$*UTF8*$!
{
	archiveVersion = 1;
	classes = {
	};
	objectVersion = 50;
	objects = {

/* Begin PBXBuildFile section */
		0A040C8694DFF8486059A8C1 /* Pods_LogosApp.framework in Frameworks */ = {isa = PBXBuildFile; fileRef = 61DB69BF79BC0E94679083D0 /* Pods_LogosApp.framework */; };
		2793DF5D5BAF3B614B0D5F35 /* Pods_LogosAppTests.framework in Frameworks */ = {isa = PBXBuildFile; fileRef = D3FE68FB2DB50769B0340E54 /* Pods_LogosAppTests.framework */; };
		8738D971743A86AAE6EA478B /* Pods_LogosAppUITests.framework in Frameworks */ = {isa = PBXBuildFile; fileRef = 25FF6D4FFAD252EF569D8E3B /* Pods_LogosAppUITests.framework */; };
		93AE120C22D074AB00EE6DD0 /* AppDelegate.swift in Sources */ = {isa = PBXBuildFile; fileRef = 93AE120B22D074AB00EE6DD0 /* AppDelegate.swift */; };
		93AE120E22D074AB00EE6DD0 /* ViewController.swift in Sources */ = {isa = PBXBuildFile; fileRef = 93AE120D22D074AB00EE6DD0 /* ViewController.swift */; };
		93AE121122D074AB00EE6DD0 /* Main.storyboard in Resources */ = {isa = PBXBuildFile; fileRef = 93AE120F22D074AB00EE6DD0 /* Main.storyboard */; };
		93AE121322D074AC00EE6DD0 /* Assets.xcassets in Resources */ = {isa = PBXBuildFile; fileRef = 93AE121222D074AC00EE6DD0 /* Assets.xcassets */; };
		93AE121622D074AC00EE6DD0 /* LaunchScreen.storyboard in Resources */ = {isa = PBXBuildFile; fileRef = 93AE121422D074AC00EE6DD0 /* LaunchScreen.storyboard */; };
		93AE122122D074AC00EE6DD0 /* LogosAppTests.swift in Sources */ = {isa = PBXBuildFile; fileRef = 93AE122022D074AC00EE6DD0 /* LogosAppTests.swift */; };
		93AE122C22D074AC00EE6DD0 /* LogosAppUITests.swift in Sources */ = {isa = PBXBuildFile; fileRef = 93AE122B22D074AC00EE6DD0 /* LogosAppUITests.swift */; };
		93AE123A22D074C300EE6DD0 /* LevelModal.swift in Sources */ = {isa = PBXBuildFile; fileRef = 93AE123922D074C300EE6DD0 /* LevelModal.swift */; };
		93AE123C22D074CC00EE6DD0 /* LogoModal.swift in Sources */ = {isa = PBXBuildFile; fileRef = 93AE123B22D074CC00EE6DD0 /* LogoModal.swift */; };
		93AE123F22D0752600EE6DD0 /* UserModal.swift in Sources */ = {isa = PBXBuildFile; fileRef = 93AE123E22D0752600EE6DD0 /* UserModal.swift */; };
		93AE124222D076DF00EE6DD0 /* LevelPoints.swift in Sources */ = {isa = PBXBuildFile; fileRef = 93AE124122D076DF00EE6DD0 /* LevelPoints.swift */; };
		93AE124522D0776500EE6DD0 /* RandomSequenceGenerator.swift in Sources */ = {isa = PBXBuildFile; fileRef = 93AE124422D0776500EE6DD0 /* RandomSequenceGenerator.swift */; };
		93AE124A22D07C8900EE6DD0 /* APIConnection.swift in Sources */ = {isa = PBXBuildFile; fileRef = 93AE124722D07C8800EE6DD0 /* APIConnection.swift */; };
		93AE124B22D07C8900EE6DD0 /* URLObject.swift in Sources */ = {isa = PBXBuildFile; fileRef = 93AE124822D07C8900EE6DD0 /* URLObject.swift */; };
		93AE124C22D07C8900EE6DD0 /* DataFetcher.swift in Sources */ = {isa = PBXBuildFile; fileRef = 93AE124922D07C8900EE6DD0 /* DataFetcher.swift */; };
		93AE124F22D07E8400EE6DD0 /* LevelsTableViewCell.swift in Sources */ = {isa = PBXBuildFile; fileRef = 93AE124D22D07E8400EE6DD0 /* LevelsTableViewCell.swift */; };
		93AE125022D07E8400EE6DD0 /* LevelsTableViewCell.xib in Resources */ = {isa = PBXBuildFile; fileRef = 93AE124E22D07E8400EE6DD0 /* LevelsTableViewCell.xib */; };
		93AE125222D07F9600EE6DD0 /* StringConstants.swift in Sources */ = {isa = PBXBuildFile; fileRef = 93AE125122D07F9600EE6DD0 /* StringConstants.swift */; };
		93AE125422D0808800EE6DD0 /* UserStatusKeeper.swift in Sources */ = {isa = PBXBuildFile; fileRef = 93AE125322D0808800EE6DD0 /* UserStatusKeeper.swift */; };
		93AE125822D082CC00EE6DD0 /* LevelDetailViewContollerViewController.swift in Sources */ = {isa = PBXBuildFile; fileRef = 93AE125622D082CC00EE6DD0 /* LevelDetailViewContollerViewController.swift */; };
		93AE125922D082CC00EE6DD0 /* LevelDetailViewContollerViewController.xib in Resources */ = {isa = PBXBuildFile; fileRef = 93AE125722D082CC00EE6DD0 /* LevelDetailViewContollerViewController.xib */; };
		93AE125D22D0833600EE6DD0 /* LevelDetailTableViewCell.swift in Sources */ = {isa = PBXBuildFile; fileRef = 93AE125B22D0833600EE6DD0 /* LevelDetailTableViewCell.swift */; };
		93AE125E22D0833600EE6DD0 /* LevelDetailTableViewCell.xib in Resources */ = {isa = PBXBuildFile; fileRef = 93AE125C22D0833600EE6DD0 /* LevelDetailTableViewCell.xib */; };
		93AE126122D086F000EE6DD0 /* LogoDetailViewController.swift in Sources */ = {isa = PBXBuildFile; fileRef = 93AE125F22D086F000EE6DD0 /* LogoDetailViewController.swift */; };
		93AE126222D086F000EE6DD0 /* LogoDetailViewController.xib in Resources */ = {isa = PBXBuildFile; fileRef = 93AE126022D086F000EE6DD0 /* LogoDetailViewController.xib */; };
		93AE126522D08A3B00EE6DD0 /* ScoreCalculator.swift in Sources */ = {isa = PBXBuildFile; fileRef = 93AE126422D08A3B00EE6DD0 /* ScoreCalculator.swift */; };
/* End PBXBuildFile section */

/* Begin PBXContainerItemProxy section */
		93AE121D22D074AC00EE6DD0 /* PBXContainerItemProxy */ = {
			isa = PBXContainerItemProxy;
			containerPortal = 93AE120022D074AA00EE6DD0 /* Project object */;
			proxyType = 1;
			remoteGlobalIDString = 93AE120722D074AA00EE6DD0;
			remoteInfo = LogosApp;
		};
		93AE122822D074AC00EE6DD0 /* PBXContainerItemProxy */ = {
			isa = PBXContainerItemProxy;
			containerPortal = 93AE120022D074AA00EE6DD0 /* Project object */;
			proxyType = 1;
			remoteGlobalIDString = 93AE120722D074AA00EE6DD0;
			remoteInfo = LogosApp;
		};
/* End PBXContainerItemProxy section */

/* Begin PBXFileReference section */
		25FF6D4FFAD252EF569D8E3B /* Pods_LogosAppUITests.framework */ = {isa = PBXFileReference; explicitFileType = wrapper.framework; includeInIndex = 0; path = Pods_LogosAppUITests.framework; sourceTree = BUILT_PRODUCTS_DIR; };
		32C33478820EA36B487506E2 /* Pods-LogosApp.release.xcconfig */ = {isa = PBXFileReference; includeInIndex = 1; lastKnownFileType = text.xcconfig; name = "Pods-LogosApp.release.xcconfig"; path = "Target Support Files/Pods-LogosApp/Pods-LogosApp.release.xcconfig"; sourceTree = "<group>"; };
		4458C25EA30FF035CFB5D928 /* Pods-LogosAppTests.debug.xcconfig */ = {isa = PBXFileReference; includeInIndex = 1; lastKnownFileType = text.xcconfig; name = "Pods-LogosAppTests.debug.xcconfig"; path = "Target Support Files/Pods-LogosAppTests/Pods-LogosAppTests.debug.xcconfig"; sourceTree = "<group>"; };
		5977F205171E345C75D522DD /* Pods-LogosApp.debug.xcconfig */ = {isa = PBXFileReference; includeInIndex = 1; lastKnownFileType = text.xcconfig; name = "Pods-LogosApp.debug.xcconfig"; path = "Target Support Files/Pods-LogosApp/Pods-LogosApp.debug.xcconfig"; sourceTree = "<group>"; };
		61DB69BF79BC0E94679083D0 /* Pods_LogosApp.framework */ = {isa = PBXFileReference; explicitFileType = wrapper.framework; includeInIndex = 0; path = Pods_LogosApp.framework; sourceTree = BUILT_PRODUCTS_DIR; };
		93AE120822D074AA00EE6DD0 /* LogosApp.app */ = {isa = PBXFileReference; explicitFileType = wrapper.application; includeInIndex = 0; path = LogosApp.app; sourceTree = BUILT_PRODUCTS_DIR; };
		93AE120B22D074AB00EE6DD0 /* AppDelegate.swift */ = {isa = PBXFileReference; lastKnownFileType = sourcecode.swift; path = AppDelegate.swift; sourceTree = "<group>"; };
		93AE120D22D074AB00EE6DD0 /* ViewController.swift */ = {isa = PBXFileReference; lastKnownFileType = sourcecode.swift; path = ViewController.swift; sourceTree = "<group>"; };
		93AE121022D074AB00EE6DD0 /* Base */ = {isa = PBXFileReference; lastKnownFileType = file.storyboard; name = Base; path = Base.lproj/Main.storyboard; sourceTree = "<group>"; };
		93AE121222D074AC00EE6DD0 /* Assets.xcassets */ = {isa = PBXFileReference; lastKnownFileType = folder.assetcatalog; path = Assets.xcassets; sourceTree = "<group>"; };
		93AE121522D074AC00EE6DD0 /* Base */ = {isa = PBXFileReference; lastKnownFileType = file.storyboard; name = Base; path = Base.lproj/LaunchScreen.storyboard; sourceTree = "<group>"; };
		93AE121722D074AC00EE6DD0 /* Info.plist */ = {isa = PBXFileReference; lastKnownFileType = text.plist.xml; path = Info.plist; sourceTree = "<group>"; };
		93AE121C22D074AC00EE6DD0 /* LogosAppTests.xctest */ = {isa = PBXFileReference; explicitFileType = wrapper.cfbundle; includeInIndex = 0; path = LogosAppTests.xctest; sourceTree = BUILT_PRODUCTS_DIR; };
		93AE122022D074AC00EE6DD0 /* LogosAppTests.swift */ = {isa = PBXFileReference; lastKnownFileType = sourcecode.swift; path = LogosAppTests.swift; sourceTree = "<group>"; };
		93AE122222D074AC00EE6DD0 /* Info.plist */ = {isa = PBXFileReference; lastKnownFileType = text.plist.xml; path = Info.plist; sourceTree = "<group>"; };
		93AE122722D074AC00EE6DD0 /* LogosAppUITests.xctest */ = {isa = PBXFileReference; explicitFileType = wrapper.cfbundle; includeInIndex = 0; path = LogosAppUITests.xctest; sourceTree = BUILT_PRODUCTS_DIR; };
		93AE122B22D074AC00EE6DD0 /* LogosAppUITests.swift */ = {isa = PBXFileReference; lastKnownFileType = sourcecode.swift; path = LogosAppUITests.swift; sourceTree = "<group>"; };
		93AE122D22D074AC00EE6DD0 /* Info.plist */ = {isa = PBXFileReference; lastKnownFileType = text.plist.xml; path = Info.plist; sourceTree = "<group>"; };
		93AE123922D074C300EE6DD0 /* LevelModal.swift */ = {isa = PBXFileReference; lastKnownFileType = sourcecode.swift; path = LevelModal.swift; sourceTree = "<group>"; };
		93AE123B22D074CC00EE6DD0 /* LogoModal.swift */ = {isa = PBXFileReference; lastKnownFileType = sourcecode.swift; path = LogoModal.swift; sourceTree = "<group>"; };
		93AE123E22D0752600EE6DD0 /* UserModal.swift */ = {isa = PBXFileReference; lastKnownFileType = sourcecode.swift; path = UserModal.swift; sourceTree = "<group>"; };
		93AE124122D076DF00EE6DD0 /* LevelPoints.swift */ = {isa = PBXFileReference; lastKnownFileType = sourcecode.swift; path = LevelPoints.swift; sourceTree = "<group>"; };
		93AE124422D0776500EE6DD0 /* RandomSequenceGenerator.swift */ = {isa = PBXFileReference; lastKnownFileType = sourcecode.swift; path = RandomSequenceGenerator.swift; sourceTree = "<group>"; };
		93AE124722D07C8800EE6DD0 /* APIConnection.swift */ = {isa = PBXFileReference; fileEncoding = 4; lastKnownFileType = sourcecode.swift; path = APIConnection.swift; sourceTree = "<group>"; };
		93AE124822D07C8900EE6DD0 /* URLObject.swift */ = {isa = PBXFileReference; fileEncoding = 4; lastKnownFileType = sourcecode.swift; path = URLObject.swift; sourceTree = "<group>"; };
		93AE124922D07C8900EE6DD0 /* DataFetcher.swift */ = {isa = PBXFileReference; fileEncoding = 4; lastKnownFileType = sourcecode.swift; path = DataFetcher.swift; sourceTree = "<group>"; };
		93AE124D22D07E8400EE6DD0 /* LevelsTableViewCell.swift */ = {isa = PBXFileReference; lastKnownFileType = sourcecode.swift; path = LevelsTableViewCell.swift; sourceTree = "<group>"; };
		93AE124E22D07E8400EE6DD0 /* LevelsTableViewCell.xib */ = {isa = PBXFileReference; lastKnownFileType = file.xib; path = LevelsTableViewCell.xib; sourceTree = "<group>"; };
		93AE125122D07F9600EE6DD0 /* StringConstants.swift */ = {isa = PBXFileReference; lastKnownFileType = sourcecode.swift; path = StringConstants.swift; sourceTree = "<group>"; };
		93AE125322D0808800EE6DD0 /* UserStatusKeeper.swift */ = {isa = PBXFileReference; lastKnownFileType = sourcecode.swift; path = UserStatusKeeper.swift; sourceTree = "<group>"; };
		93AE125622D082CC00EE6DD0 /* LevelDetailViewContollerViewController.swift */ = {isa = PBXFileReference; lastKnownFileType = sourcecode.swift; path = LevelDetailViewContollerViewController.swift; sourceTree = "<group>"; };
		93AE125722D082CC00EE6DD0 /* LevelDetailViewContollerViewController.xib */ = {isa = PBXFileReference; lastKnownFileType = file.xib; path = LevelDetailViewContollerViewController.xib; sourceTree = "<group>"; };
		93AE125B22D0833600EE6DD0 /* LevelDetailTableViewCell.swift */ = {isa = PBXFileReference; lastKnownFileType = sourcecode.swift; path = LevelDetailTableViewCell.swift; sourceTree = "<group>"; };
		93AE125C22D0833600EE6DD0 /* LevelDetailTableViewCell.xib */ = {isa = PBXFileReference; lastKnownFileType = file.xib; path = LevelDetailTableViewCell.xib; sourceTree = "<group>"; };
		93AE125F22D086F000EE6DD0 /* LogoDetailViewController.swift */ = {isa = PBXFileReference; lastKnownFileType = sourcecode.swift; path = LogoDetailViewController.swift; sourceTree = "<group>"; };
		93AE126022D086F000EE6DD0 /* LogoDetailViewController.xib */ = {isa = PBXFileReference; lastKnownFileType = file.xib; path = LogoDetailViewController.xib; sourceTree = "<group>"; };
		93AE126422D08A3B00EE6DD0 /* ScoreCalculator.swift */ = {isa = PBXFileReference; lastKnownFileType = sourcecode.swift; path = ScoreCalculator.swift; sourceTree = "<group>"; };
		BA0095F9F61531143417B285 /* Pods-LogosAppUITests.release.xcconfig */ = {isa = PBXFileReference; includeInIndex = 1; lastKnownFileType = text.xcconfig; name = "Pods-LogosAppUITests.release.xcconfig"; path = "Target Support Files/Pods-LogosAppUITests/Pods-LogosAppUITests.release.xcconfig"; sourceTree = "<group>"; };
		D3FE68FB2DB50769B0340E54 /* Pods_LogosAppTests.framework */ = {isa = PBXFileReference; explicitFileType = wrapper.framework; includeInIndex = 0; path = Pods_LogosAppTests.framework; sourceTree = BUILT_PRODUCTS_DIR; };
		E4386F02F9EA0A1973662567 /* Pods-LogosAppTests.release.xcconfig */ = {isa = PBXFileReference; includeInIndex = 1; lastKnownFileType = text.xcconfig; name = "Pods-LogosAppTests.release.xcconfig"; path = "Target Support Files/Pods-LogosAppTests/Pods-LogosAppTests.release.xcconfig"; sourceTree = "<group>"; };
		EEC2A68E8E49DB8A865BA775 /* Pods-LogosAppUITests.debug.xcconfig */ = {isa = PBXFileReference; includeInIndex = 1; lastKnownFileType = text.xcconfig; name = "Pods-LogosAppUITests.debug.xcconfig"; path = "Target Support Files/Pods-LogosAppUITests/Pods-LogosAppUITests.debug.xcconfig"; sourceTree = "<group>"; };
/* End PBXFileReference section */

/* Begin PBXFrameworksBuildPhase section */
		93AE120522D074AA00EE6DD0 /* Frameworks */ = {
			isa = PBXFrameworksBuildPhase;
			buildActionMask = 2147483647;
			files = (
				0A040C8694DFF8486059A8C1 /* Pods_LogosApp.framework in Frameworks */,
			);
			runOnlyForDeploymentPostprocessing = 0;
		};
		93AE121922D074AC00EE6DD0 /* Frameworks */ = {
			isa = PBXFrameworksBuildPhase;
			buildActionMask = 2147483647;
			files = (
				2793DF5D5BAF3B614B0D5F35 /* Pods_LogosAppTests.framework in Frameworks */,
			);
			runOnlyForDeploymentPostprocessing = 0;
		};
		93AE122422D074AC00EE6DD0 /* Frameworks */ = {
			isa = PBXFrameworksBuildPhase;
			buildActionMask = 2147483647;
			files = (
				8738D971743A86AAE6EA478B /* Pods_LogosAppUITests.framework in Frameworks */,
			);
			runOnlyForDeploymentPostprocessing = 0;
		};
/* End PBXFrameworksBuildPhase section */

/* Begin PBXGroup section */
		2935C95E21C01008813F224F /* Pods */ = {
			isa = PBXGroup;
			children = (
				5977F205171E345C75D522DD /* Pods-LogosApp.debug.xcconfig */,
				32C33478820EA36B487506E2 /* Pods-LogosApp.release.xcconfig */,
				4458C25EA30FF035CFB5D928 /* Pods-LogosAppTests.debug.xcconfig */,
				E4386F02F9EA0A1973662567 /* Pods-LogosAppTests.release.xcconfig */,
				EEC2A68E8E49DB8A865BA775 /* Pods-LogosAppUITests.debug.xcconfig */,
				BA0095F9F61531143417B285 /* Pods-LogosAppUITests.release.xcconfig */,
			);
			path = Pods;
			sourceTree = "<group>";
		};
		74C603BACBB740C1CE89F5ED /* Frameworks */ = {
			isa = PBXGroup;
			children = (
				61DB69BF79BC0E94679083D0 /* Pods_LogosApp.framework */,
				D3FE68FB2DB50769B0340E54 /* Pods_LogosAppTests.framework */,
				25FF6D4FFAD252EF569D8E3B /* Pods_LogosAppUITests.framework */,
			);
			name = Frameworks;
			sourceTree = "<group>";
		};
		93AE11FF22D074AA00EE6DD0 = {
			isa = PBXGroup;
			children = (
				93AE120A22D074AA00EE6DD0 /* LogosApp */,
				93AE121F22D074AC00EE6DD0 /* LogosAppTests */,
				93AE122A22D074AC00EE6DD0 /* LogosAppUITests */,
				93AE120922D074AA00EE6DD0 /* Products */,
				2935C95E21C01008813F224F /* Pods */,
				74C603BACBB740C1CE89F5ED /* Frameworks */,
			);
			sourceTree = "<group>";
		};
		93AE120922D074AA00EE6DD0 /* Products */ = {
			isa = PBXGroup;
			children = (
				93AE120822D074AA00EE6DD0 /* LogosApp.app */,
				93AE121C22D074AC00EE6DD0 /* LogosAppTests.xctest */,
				93AE122722D074AC00EE6DD0 /* LogosAppUITests.xctest */,
			);
			name = Products;
			sourceTree = "<group>";
		};
		93AE120A22D074AA00EE6DD0 /* LogosApp */ = {
			isa = PBXGroup;
			children = (
				93AE120B22D074AB00EE6DD0 /* AppDelegate.swift */,
				93AE120D22D074AB00EE6DD0 /* ViewController.swift */,
				93AE120F22D074AB00EE6DD0 /* Main.storyboard */,
				93AE124D22D07E8400EE6DD0 /* LevelsTableViewCell.swift */,
				93AE124E22D07E8400EE6DD0 /* LevelsTableViewCell.xib */,
				93AE126322D086F600EE6DD0 /* LogoDetailViewController */,
				93AE125A22D0831700EE6DD0 /* LevelDetailViewController */,
				93AE125522D0827B00EE6DD0 /* Helpers */,
				93AE124622D07C0B00EE6DD0 /* DataFetcher */,
				93AE124322D0774700EE6DD0 /* LevelPointsModal */,
				93AE124022D0767F00EE6DD0 /* UserModals */,
				93AE123D22D0750200EE6DD0 /* ApiModals */,
				93AE121222D074AC00EE6DD0 /* Assets.xcassets */,
				93AE121422D074AC00EE6DD0 /* LaunchScreen.storyboard */,
				93AE121722D074AC00EE6DD0 /* Info.plist */,
			);
			path = LogosApp;
			sourceTree = "<group>";
		};
		93AE121F22D074AC00EE6DD0 /* LogosAppTests */ = {
			isa = PBXGroup;
			children = (
				93AE122022D074AC00EE6DD0 /* LogosAppTests.swift */,
				93AE122222D074AC00EE6DD0 /* Info.plist */,
			);
			path = LogosAppTests;
			sourceTree = "<group>";
		};
		93AE122A22D074AC00EE6DD0 /* LogosAppUITests */ = {
			isa = PBXGroup;
			children = (
				93AE122B22D074AC00EE6DD0 /* LogosAppUITests.swift */,
				93AE122D22D074AC00EE6DD0 /* Info.plist */,
			);
			path = LogosAppUITests;
			sourceTree = "<group>";
		};
		93AE123D22D0750200EE6DD0 /* ApiModals */ = {
			isa = PBXGroup;
			children = (
				93AE123922D074C300EE6DD0 /* LevelModal.swift */,
				93AE123B22D074CC00EE6DD0 /* LogoModal.swift */,
			);
			path = ApiModals;
			sourceTree = "<group>";
		};
		93AE124022D0767F00EE6DD0 /* UserModals */ = {
			isa = PBXGroup;
			children = (
				93AE123E22D0752600EE6DD0 /* UserModal.swift */,
			);
			path = UserModals;
			sourceTree = "<group>";
		};
		93AE124322D0774700EE6DD0 /* LevelPointsModal */ = {
			isa = PBXGroup;
			children = (
				93AE124122D076DF00EE6DD0 /* LevelPoints.swift */,
			);
			path = LevelPointsModal;
			sourceTree = "<group>";
		};
		93AE124622D07C0B00EE6DD0 /* DataFetcher */ = {
			isa = PBXGroup;
			children = (
				93AE124722D07C8800EE6DD0 /* APIConnection.swift */,
				93AE124922D07C8900EE6DD0 /* DataFetcher.swift */,
				93AE124822D07C8900EE6DD0 /* URLObject.swift */,
			);
			path = DataFetcher;
			sourceTree = "<group>";
		};
		93AE125522D0827B00EE6DD0 /* Helpers */ = {
			isa = PBXGroup;
			children = (
				93AE124422D0776500EE6DD0 /* RandomSequenceGenerator.swift */,
				93AE125122D07F9600EE6DD0 /* StringConstants.swift */,
				93AE125322D0808800EE6DD0 /* UserStatusKeeper.swift */,
				93AE126422D08A3B00EE6DD0 /* ScoreCalculator.swift */,
			);
			path = Helpers;
			sourceTree = "<group>";
		};
		93AE125A22D0831700EE6DD0 /* LevelDetailViewController */ = {
			isa = PBXGroup;
			children = (
				93AE125622D082CC00EE6DD0 /* LevelDetailViewContollerViewController.swift */,
				93AE125722D082CC00EE6DD0 /* LevelDetailViewContollerViewController.xib */,
				93AE125B22D0833600EE6DD0 /* LevelDetailTableViewCell.swift */,
				93AE125C22D0833600EE6DD0 /* LevelDetailTableViewCell.xib */,
			);
			path = LevelDetailViewController;
			sourceTree = "<group>";
		};
		93AE126322D086F600EE6DD0 /* LogoDetailViewController */ = {
			isa = PBXGroup;
			children = (
				93AE125F22D086F000EE6DD0 /* LogoDetailViewController.swift */,
				93AE126022D086F000EE6DD0 /* LogoDetailViewController.xib */,
			);
			path = LogoDetailViewController;
			sourceTree = "<group>";
		};
/* End PBXGroup section */

/* Begin PBXNativeTarget section */
		93AE120722D074AA00EE6DD0 /* LogosApp */ = {
			isa = PBXNativeTarget;
			buildConfigurationList = 93AE123022D074AC00EE6DD0 /* Build configuration list for PBXNativeTarget "LogosApp" */;
			buildPhases = (
				30658E433CFAF22335E686AC /* [CP] Check Pods Manifest.lock */,
				93AE120422D074AA00EE6DD0 /* Sources */,
				93AE120522D074AA00EE6DD0 /* Frameworks */,
				93AE120622D074AA00EE6DD0 /* Resources */,
				E705F7BD1394F786D506C5D9 /* [CP] Embed Pods Frameworks */,
			);
			buildRules = (
			);
			dependencies = (
			);
			name = LogosApp;
			productName = LogosApp;
			productReference = 93AE120822D074AA00EE6DD0 /* LogosApp.app */;
			productType = "com.apple.product-type.application";
		};
		93AE121B22D074AC00EE6DD0 /* LogosAppTests */ = {
			isa = PBXNativeTarget;
			buildConfigurationList = 93AE123322D074AC00EE6DD0 /* Build configuration list for PBXNativeTarget "LogosAppTests" */;
			buildPhases = (
				6B33079FE83DE4005E5A8C9D /* [CP] Check Pods Manifest.lock */,
				93AE121822D074AC00EE6DD0 /* Sources */,
				93AE121922D074AC00EE6DD0 /* Frameworks */,
				93AE121A22D074AC00EE6DD0 /* Resources */,
			);
			buildRules = (
			);
			dependencies = (
				93AE121E22D074AC00EE6DD0 /* PBXTargetDependency */,
			);
			name = LogosAppTests;
			productName = LogosAppTests;
			productReference = 93AE121C22D074AC00EE6DD0 /* LogosAppTests.xctest */;
			productType = "com.apple.product-type.bundle.unit-test";
		};
		93AE122622D074AC00EE6DD0 /* LogosAppUITests */ = {
			isa = PBXNativeTarget;
			buildConfigurationList = 93AE123622D074AC00EE6DD0 /* Build configuration list for PBXNativeTarget "LogosAppUITests" */;
			buildPhases = (
				2DA808BBDF689707CEBB158E /* [CP] Check Pods Manifest.lock */,
				93AE122322D074AC00EE6DD0 /* Sources */,
				93AE122422D074AC00EE6DD0 /* Frameworks */,
				93AE122522D074AC00EE6DD0 /* Resources */,
			);
			buildRules = (
			);
			dependencies = (
				93AE122922D074AC00EE6DD0 /* PBXTargetDependency */,
			);
			name = LogosAppUITests;
			productName = LogosAppUITests;
			productReference = 93AE122722D074AC00EE6DD0 /* LogosAppUITests.xctest */;
			productType = "com.apple.product-type.bundle.ui-testing";
		};
/* End PBXNativeTarget section */

/* Begin PBXProject section */
		93AE120022D074AA00EE6DD0 /* Project object */ = {
			isa = PBXProject;
			attributes = {
				LastSwiftUpdateCheck = 1020;
				LastUpgradeCheck = 1020;
				ORGANIZATIONNAME = ioshellboy;
				TargetAttributes = {
					93AE120722D074AA00EE6DD0 = {
						CreatedOnToolsVersion = 10.2.1;
					};
					93AE121B22D074AC00EE6DD0 = {
						CreatedOnToolsVersion = 10.2.1;
						TestTargetID = 93AE120722D074AA00EE6DD0;
					};
					93AE122622D074AC00EE6DD0 = {
						CreatedOnToolsVersion = 10.2.1;
						TestTargetID = 93AE120722D074AA00EE6DD0;
					};
				};
			};
			buildConfigurationList = 93AE120322D074AA00EE6DD0 /* Build configuration list for PBXProject "LogosApp" */;
			compatibilityVersion = "Xcode 9.3";
			developmentRegion = en;
			hasScannedForEncodings = 0;
			knownRegions = (
				en,
				Base,
			);
			mainGroup = 93AE11FF22D074AA00EE6DD0;
			productRefGroup = 93AE120922D074AA00EE6DD0 /* Products */;
			projectDirPath = "";
			projectRoot = "";
			targets = (
				93AE120722D074AA00EE6DD0 /* LogosApp */,
				93AE121B22D074AC00EE6DD0 /* LogosAppTests */,
				93AE122622D074AC00EE6DD0 /* LogosAppUITests */,
			);
		};
/* End PBXProject section */

/* Begin PBXResourcesBuildPhase section */
		93AE120622D074AA00EE6DD0 /* Resources */ = {
			isa = PBXResourcesBuildPhase;
			buildActionMask = 2147483647;
			files = (
				93AE121622D074AC00EE6DD0 /* LaunchScreen.storyboard in Resources */,
				93AE121322D074AC00EE6DD0 /* Assets.xcassets in Resources */,
				93AE126222D086F000EE6DD0 /* LogoDetailViewController.xib in Resources */,
				93AE125922D082CC00EE6DD0 /* LevelDetailViewContollerViewController.xib in Resources */,
				93AE125E22D0833600EE6DD0 /* LevelDetailTableViewCell.xib in Resources */,
				93AE125022D07E8400EE6DD0 /* LevelsTableViewCell.xib in Resources */,
				93AE121122D074AB00EE6DD0 /* Main.storyboard in Resources */,
			);
			runOnlyForDeploymentPostprocessing = 0;
		};
		93AE121A22D074AC00EE6DD0 /* Resources */ = {
			isa = PBXResourcesBuildPhase;
			buildActionMask = 2147483647;
			files = (
			);
			runOnlyForDeploymentPostprocessing = 0;
		};
		93AE122522D074AC00EE6DD0 /* Resources */ = {
			isa = PBXResourcesBuildPhase;
			buildActionMask = 2147483647;
			files = (
			);
			runOnlyForDeploymentPostprocessing = 0;
		};
/* End PBXResourcesBuildPhase section */

/* Begin PBXShellScriptBuildPhase section */
		2DA808BBDF689707CEBB158E /* [CP] Check Pods Manifest.lock */ = {
			isa = PBXShellScriptBuildPhase;
			buildActionMask = 2147483647;
			files = (
			);
			inputFileListPaths = (
			);
			inputPaths = (
				"${PODS_PODFILE_DIR_PATH}/Podfile.lock",
				"${PODS_ROOT}/Manifest.lock",
			);
			name = "[CP] Check Pods Manifest.lock";
			outputFileListPaths = (
			);
			outputPaths = (
				"$(DERIVED_FILE_DIR)/Pods-LogosAppUITests-checkManifestLockResult.txt",
			);
			runOnlyForDeploymentPostprocessing = 0;
			shellPath = /bin/sh;
			shellScript = "diff \"${PODS_PODFILE_DIR_PATH}/Podfile.lock\" \"${PODS_ROOT}/Manifest.lock\" > /dev/null\nif [ $? != 0 ] ; then\n    # print error to STDERR\n    echo \"error: The sandbox is not in sync with the Podfile.lock. Run 'pod install' or update your CocoaPods installation.\" >&2\n    exit 1\nfi\n# This output is used by Xcode 'outputs' to avoid re-running this script phase.\necho \"SUCCESS\" > \"${SCRIPT_OUTPUT_FILE_0}\"\n";
			showEnvVarsInLog = 0;
		};
		30658E433CFAF22335E686AC /* [CP] Check Pods Manifest.lock */ = {
			isa = PBXShellScriptBuildPhase;
			buildActionMask = 2147483647;
			files = (
			);
			inputFileListPaths = (
			);
			inputPaths = (
				"${PODS_PODFILE_DIR_PATH}/Podfile.lock",
				"${PODS_ROOT}/Manifest.lock",
			);
			name = "[CP] Check Pods Manifest.lock";
			outputFileListPaths = (
			);
			outputPaths = (
				"$(DERIVED_FILE_DIR)/Pods-LogosApp-checkManifestLockResult.txt",
			);
			runOnlyForDeploymentPostprocessing = 0;
			shellPath = /bin/sh;
			shellScript = "diff \"${PODS_PODFILE_DIR_PATH}/Podfile.lock\" \"${PODS_ROOT}/Manifest.lock\" > /dev/null\nif [ $? != 0 ] ; then\n    # print error to STDERR\n    echo \"error: The sandbox is not in sync with the Podfile.lock. Run 'pod install' or update your CocoaPods installation.\" >&2\n    exit 1\nfi\n# This output is used by Xcode 'outputs' to avoid re-running this script phase.\necho \"SUCCESS\" > \"${SCRIPT_OUTPUT_FILE_0}\"\n";
			showEnvVarsInLog = 0;
		};
		6B33079FE83DE4005E5A8C9D /* [CP] Check Pods Manifest.lock */ = {
			isa = PBXShellScriptBuildPhase;
			buildActionMask = 2147483647;
			files = (
			);
			inputFileListPaths = (
			);
			inputPaths = (
				"${PODS_PODFILE_DIR_PATH}/Podfile.lock",
				"${PODS_ROOT}/Manifest.lock",
			);
			name = "[CP] Check Pods Manifest.lock";
			outputFileListPaths = (
			);
			outputPaths = (
				"$(DERIVED_FILE_DIR)/Pods-LogosAppTests-checkManifestLockResult.txt",
			);
			runOnlyForDeploymentPostprocessing = 0;
			shellPath = /bin/sh;
			shellScript = "diff \"${PODS_PODFILE_DIR_PATH}/Podfile.lock\" \"${PODS_ROOT}/Manifest.lock\" > /dev/null\nif [ $? != 0 ] ; then\n    # print error to STDERR\n    echo \"error: The sandbox is not in sync with the Podfile.lock. Run 'pod install' or update your CocoaPods installation.\" >&2\n    exit 1\nfi\n# This output is used by Xcode 'outputs' to avoid re-running this script phase.\necho \"SUCCESS\" > \"${SCRIPT_OUTPUT_FILE_0}\"\n";
			showEnvVarsInLog = 0;
		};
		E705F7BD1394F786D506C5D9 /* [CP] Embed Pods Frameworks */ = {
			isa = PBXShellScriptBuildPhase;
			buildActionMask = 2147483647;
			files = (
			);
			inputFileListPaths = (
			);
			inputPaths = (
				"${PODS_ROOT}/Target Support Files/Pods-LogosApp/Pods-LogosApp-frameworks.sh",
				"${BUILT_PRODUCTS_DIR}/Alamofire/Alamofire.framework",
				"${BUILT_PRODUCTS_DIR}/AlamofireImage/AlamofireImage.framework",
			);
			name = "[CP] Embed Pods Frameworks";
			outputFileListPaths = (
			);
			outputPaths = (
				"${TARGET_BUILD_DIR}/${FRAMEWORKS_FOLDER_PATH}/Alamofire.framework",
				"${TARGET_BUILD_DIR}/${FRAMEWORKS_FOLDER_PATH}/AlamofireImage.framework",
			);
			runOnlyForDeploymentPostprocessing = 0;
			shellPath = /bin/sh;
			shellScript = "\"${PODS_ROOT}/Target Support Files/Pods-LogosApp/Pods-LogosApp-frameworks.sh\"\n";
			showEnvVarsInLog = 0;
		};
/* End PBXShellScriptBuildPhase section */

/* Begin PBXSourcesBuildPhase section */
		93AE120422D074AA00EE6DD0 /* Sources */ = {
			isa = PBXSourcesBuildPhase;
			buildActionMask = 2147483647;
			files = (
				93AE124A22D07C8900EE6DD0 /* APIConnection.swift in Sources */,
				93AE125422D0808800EE6DD0 /* UserStatusKeeper.swift in Sources */,
				93AE123C22D074CC00EE6DD0 /* LogoModal.swift in Sources */,
				93AE124222D076DF00EE6DD0 /* LevelPoints.swift in Sources */,
				93AE125822D082CC00EE6DD0 /* LevelDetailViewContollerViewController.swift in Sources */,
				93AE126522D08A3B00EE6DD0 /* ScoreCalculator.swift in Sources */,
				93AE123F22D0752600EE6DD0 /* UserModal.swift in Sources */,
				93AE124F22D07E8400EE6DD0 /* LevelsTableViewCell.swift in Sources */,
				93AE124522D0776500EE6DD0 /* RandomSequenceGenerator.swift in Sources */,
				93AE124C22D07C8900EE6DD0 /* DataFetcher.swift in Sources */,
				93AE120E22D074AB00EE6DD0 /* ViewController.swift in Sources */,
				93AE125222D07F9600EE6DD0 /* StringConstants.swift in Sources */,
				93AE123A22D074C300EE6DD0 /* LevelModal.swift in Sources */,
				93AE126122D086F000EE6DD0 /* LogoDetailViewController.swift in Sources */,
				93AE124B22D07C8900EE6DD0 /* URLObject.swift in Sources */,
				93AE125D22D0833600EE6DD0 /* LevelDetailTableViewCell.swift in Sources */,
				93AE120C22D074AB00EE6DD0 /* AppDelegate.swift in Sources */,
			);
			runOnlyForDeploymentPostprocessing = 0;
		};
		93AE121822D074AC00EE6DD0 /* Sources */ = {
			isa = PBXSourcesBuildPhase;
			buildActionMask = 2147483647;
			files = (
				93AE122122D074AC00EE6DD0 /* LogosAppTests.swift in Sources */,
			);
			runOnlyForDeploymentPostprocessing = 0;
		};
		93AE122322D074AC00EE6DD0 /* Sources */ = {
			isa = PBXSourcesBuildPhase;
			buildActionMask = 2147483647;
			files = (
				93AE122C22D074AC00EE6DD0 /* LogosAppUITests.swift in Sources */,
			);
			runOnlyForDeploymentPostprocessing = 0;
		};
/* End PBXSourcesBuildPhase section */

/* Begin PBXTargetDependency section */
		93AE121E22D074AC00EE6DD0 /* PBXTargetDependency */ = {
			isa = PBXTargetDependency;
			target = 93AE120722D074AA00EE6DD0 /* LogosApp */;
			targetProxy = 93AE121D22D074AC00EE6DD0 /* PBXContainerItemProxy */;
		};
		93AE122922D074AC00EE6DD0 /* PBXTargetDependency */ = {
			isa = PBXTargetDependency;
			target = 93AE120722D074AA00EE6DD0 /* LogosApp */;
			targetProxy = 93AE122822D074AC00EE6DD0 /* PBXContainerItemProxy */;
		};
/* End PBXTargetDependency section */

/* Begin PBXVariantGroup section */
		93AE120F22D074AB00EE6DD0 /* Main.storyboard */ = {
			isa = PBXVariantGroup;
			children = (
				93AE121022D074AB00EE6DD0 /* Base */,
			);
			name = Main.storyboard;
			sourceTree = "<group>";
		};
		93AE121422D074AC00EE6DD0 /* LaunchScreen.storyboard */ = {
			isa = PBXVariantGroup;
			children = (
				93AE121522D074AC00EE6DD0 /* Base */,
			);
			name = LaunchScreen.storyboard;
			sourceTree = "<group>";
		};
/* End PBXVariantGroup section */

/* Begin XCBuildConfiguration section */
		93AE122E22D074AC00EE6DD0 /* Debug */ = {
			isa = XCBuildConfiguration;
			buildSettings = {
				ALWAYS_SEARCH_USER_PATHS = NO;
				CLANG_ANALYZER_NONNULL = YES;
				CLANG_ANALYZER_NUMBER_OBJECT_CONVERSION = YES_AGGRESSIVE;
				CLANG_CXX_LANGUAGE_STANDARD = "gnu++14";
				CLANG_CXX_LIBRARY = "libc++";
				CLANG_ENABLE_MODULES = YES;
				CLANG_ENABLE_OBJC_ARC = YES;
				CLANG_ENABLE_OBJC_WEAK = YES;
				CLANG_WARN_BLOCK_CAPTURE_AUTORELEASING = YES;
				CLANG_WARN_BOOL_CONVERSION = YES;
				CLANG_WARN_COMMA = YES;
				CLANG_WARN_CONSTANT_CONVERSION = YES;
				CLANG_WARN_DEPRECATED_OBJC_IMPLEMENTATIONS = YES;
				CLANG_WARN_DIRECT_OBJC_ISA_USAGE = YES_ERROR;
				CLANG_WARN_DOCUMENTATION_COMMENTS = YES;
				CLANG_WARN_EMPTY_BODY = YES;
				CLANG_WARN_ENUM_CONVERSION = YES;
				CLANG_WARN_INFINITE_RECURSION = YES;
				CLANG_WARN_INT_CONVERSION = YES;
				CLANG_WARN_NON_LITERAL_NULL_CONVERSION = YES;
				CLANG_WARN_OBJC_IMPLICIT_RETAIN_SELF = YES;
				CLANG_WARN_OBJC_LITERAL_CONVERSION = YES;
				CLANG_WARN_OBJC_ROOT_CLASS = YES_ERROR;
				CLANG_WARN_RANGE_LOOP_ANALYSIS = YES;
				CLANG_WARN_STRICT_PROTOTYPES = YES;
				CLANG_WARN_SUSPICIOUS_MOVE = YES;
				CLANG_WARN_UNGUARDED_AVAILABILITY = YES_AGGRESSIVE;
				CLANG_WARN_UNREACHABLE_CODE = YES;
				CLANG_WARN__DUPLICATE_METHOD_MATCH = YES;
				CODE_SIGN_IDENTITY = "iPhone Developer";
				COPY_PHASE_STRIP = NO;
				DEBUG_INFORMATION_FORMAT = dwarf;
				ENABLE_STRICT_OBJC_MSGSEND = YES;
				ENABLE_TESTABILITY = YES;
				GCC_C_LANGUAGE_STANDARD = gnu11;
				GCC_DYNAMIC_NO_PIC = NO;
				GCC_NO_COMMON_BLOCKS = YES;
				GCC_OPTIMIZATION_LEVEL = 0;
				GCC_PREPROCESSOR_DEFINITIONS = (
					"DEBUG=1",
					"$(inherited)",
				);
				GCC_WARN_64_TO_32_BIT_CONVERSION = YES;
				GCC_WARN_ABOUT_RETURN_TYPE = YES_ERROR;
				GCC_WARN_UNDECLARED_SELECTOR = YES;
				GCC_WARN_UNINITIALIZED_AUTOS = YES_AGGRESSIVE;
				GCC_WARN_UNUSED_FUNCTION = YES;
				GCC_WARN_UNUSED_VARIABLE = YES;
				IPHONEOS_DEPLOYMENT_TARGET = 12.2;
				MTL_ENABLE_DEBUG_INFO = INCLUDE_SOURCE;
				MTL_FAST_MATH = YES;
				ONLY_ACTIVE_ARCH = YES;
				SDKROOT = iphoneos;
				SWIFT_ACTIVE_COMPILATION_CONDITIONS = DEBUG;
				SWIFT_OPTIMIZATION_LEVEL = "-Onone";
			};
			name = Debug;
		};
		93AE122F22D074AC00EE6DD0 /* Release */ = {
			isa = XCBuildConfiguration;
			buildSettings = {
				ALWAYS_SEARCH_USER_PATHS = NO;
				CLANG_ANALYZER_NONNULL = YES;
				CLANG_ANALYZER_NUMBER_OBJECT_CONVERSION = YES_AGGRESSIVE;
				CLANG_CXX_LANGUAGE_STANDARD = "gnu++14";
				CLANG_CXX_LIBRARY = "libc++";
				CLANG_ENABLE_MODULES = YES;
				CLANG_ENABLE_OBJC_ARC = YES;
				CLANG_ENABLE_OBJC_WEAK = YES;
				CLANG_WARN_BLOCK_CAPTURE_AUTORELEASING = YES;
				CLANG_WARN_BOOL_CONVERSION = YES;
				CLANG_WARN_COMMA = YES;
				CLANG_WARN_CONSTANT_CONVERSION = YES;
				CLANG_WARN_DEPRECATED_OBJC_IMPLEMENTATIONS = YES;
				CLANG_WARN_DIRECT_OBJC_ISA_USAGE = YES_ERROR;
				CLANG_WARN_DOCUMENTATION_COMMENTS = YES;
				CLANG_WARN_EMPTY_BODY = YES;
				CLANG_WARN_ENUM_CONVERSION = YES;
				CLANG_WARN_INFINITE_RECURSION = YES;
				CLANG_WARN_INT_CONVERSION = YES;
				CLANG_WARN_NON_LITERAL_NULL_CONVERSION = YES;
				CLANG_WARN_OBJC_IMPLICIT_RETAIN_SELF = YES;
				CLANG_WARN_OBJC_LITERAL_CONVERSION = YES;
				CLANG_WARN_OBJC_ROOT_CLASS = YES_ERROR;
				CLANG_WARN_RANGE_LOOP_ANALYSIS = YES;
				CLANG_WARN_STRICT_PROTOTYPES = YES;
				CLANG_WARN_SUSPICIOUS_MOVE = YES;
				CLANG_WARN_UNGUARDED_AVAILABILITY = YES_AGGRESSIVE;
				CLANG_WARN_UNREACHABLE_CODE = YES;
				CLANG_WARN__DUPLICATE_METHOD_MATCH = YES;
				CODE_SIGN_IDENTITY = "iPhone Developer";
				COPY_PHASE_STRIP = NO;
				DEBUG_INFORMATION_FORMAT = "dwarf-with-dsym";
				ENABLE_NS_ASSERTIONS = NO;
				ENABLE_STRICT_OBJC_MSGSEND = YES;
				GCC_C_LANGUAGE_STANDARD = gnu11;
				GCC_NO_COMMON_BLOCKS = YES;
				GCC_WARN_64_TO_32_BIT_CONVERSION = YES;
				GCC_WARN_ABOUT_RETURN_TYPE = YES_ERROR;
				GCC_WARN_UNDECLARED_SELECTOR = YES;
				GCC_WARN_UNINITIALIZED_AUTOS = YES_AGGRESSIVE;
				GCC_WARN_UNUSED_FUNCTION = YES;
				GCC_WARN_UNUSED_VARIABLE = YES;
				IPHONEOS_DEPLOYMENT_TARGET = 12.2;
				MTL_ENABLE_DEBUG_INFO = NO;
				MTL_FAST_MATH = YES;
				SDKROOT = iphoneos;
				SWIFT_COMPILATION_MODE = wholemodule;
				SWIFT_OPTIMIZATION_LEVEL = "-O";
				VALIDATE_PRODUCT = YES;
			};
			name = Release;
		};
		93AE123122D074AC00EE6DD0 /* Debug */ = {
			isa = XCBuildConfiguration;
			baseConfigurationReference = 5977F205171E345C75D522DD /* Pods-LogosApp.debug.xcconfig */;
			buildSettings = {
				ASSETCATALOG_COMPILER_APPICON_NAME = AppIcon;
				CODE_SIGN_STYLE = Automatic;
				INFOPLIST_FILE = LogosApp/Info.plist;
				LD_RUNPATH_SEARCH_PATHS = (
					"$(inherited)",
					"@executable_path/Frameworks",
				);
				PRODUCT_BUNDLE_IDENTIFIER = com.til.gaana.LogosApp;
				PRODUCT_NAME = "$(TARGET_NAME)";
				SWIFT_VERSION = 5.0;
				TARGETED_DEVICE_FAMILY = "1,2";
			};
			name = Debug;
		};
		93AE123222D074AC00EE6DD0 /* Release */ = {
			isa = XCBuildConfiguration;
			baseConfigurationReference = 32C33478820EA36B487506E2 /* Pods-LogosApp.release.xcconfig */;
			buildSettings = {
				ASSETCATALOG_COMPILER_APPICON_NAME = AppIcon;
				CODE_SIGN_STYLE = Automatic;
				INFOPLIST_FILE = LogosApp/Info.plist;
				LD_RUNPATH_SEARCH_PATHS = (
					"$(inherited)",
					"@executable_path/Frameworks",
				);
				PRODUCT_BUNDLE_IDENTIFIER = com.til.gaana.LogosApp;
				PRODUCT_NAME = "$(TARGET_NAME)";
				SWIFT_VERSION = 5.0;
				TARGETED_DEVICE_FAMILY = "1,2";
			};
			name = Release;
		};
		93AE123422D074AC00EE6DD0 /* Debug */ = {
			isa = XCBuildConfiguration;
			baseConfigurationReference = 4458C25EA30FF035CFB5D928 /* Pods-LogosAppTests.debug.xcconfig */;
			buildSettings = {
				ALWAYS_EMBED_SWIFT_STANDARD_LIBRARIES = YES;
				BUNDLE_LOADER = "$(TEST_HOST)";
				CODE_SIGN_STYLE = Automatic;
				INFOPLIST_FILE = LogosAppTests/Info.plist;
				LD_RUNPATH_SEARCH_PATHS = (
					"$(inherited)",
					"@executable_path/Frameworks",
					"@loader_path/Frameworks",
				);
				PRODUCT_BUNDLE_IDENTIFIER = com.til.gaana.LogosAppTests;
				PRODUCT_NAME = "$(TARGET_NAME)";
				SWIFT_VERSION = 5.0;
				TARGETED_DEVICE_FAMILY = "1,2";
				TEST_HOST = "$(BUILT_PRODUCTS_DIR)/LogosApp.app/LogosApp";
			};
			name = Debug;
		};
		93AE123522D074AC00EE6DD0 /* Release */ = {
			isa = XCBuildConfiguration;
			baseConfigurationReference = E4386F02F9EA0A1973662567 /* Pods-LogosAppTests.release.xcconfig */;
			buildSettings = {
				ALWAYS_EMBED_SWIFT_STANDARD_LIBRARIES = YES;
				BUNDLE_LOADER = "$(TEST_HOST)";
				CODE_SIGN_STYLE = Automatic;
				INFOPLIST_FILE = LogosAppTests/Info.plist;
				LD_RUNPATH_SEARCH_PATHS = (
					"$(inherited)",
					"@executable_path/Frameworks",
					"@loader_path/Frameworks",
				);
				PRODUCT_BUNDLE_IDENTIFIER = com.til.gaana.LogosAppTests;
				PRODUCT_NAME = "$(TARGET_NAME)";
				SWIFT_VERSION = 5.0;
				TARGETED_DEVICE_FAMILY = "1,2";
				TEST_HOST = "$(BUILT_PRODUCTS_DIR)/LogosApp.app/LogosApp";
			};
			name = Release;
		};
		93AE123722D074AC00EE6DD0 /* Debug */ = {
			isa = XCBuildConfiguration;
			baseConfigurationReference = EEC2A68E8E49DB8A865BA775 /* Pods-LogosAppUITests.debug.xcconfig */;
			buildSettings = {
				ALWAYS_EMBED_SWIFT_STANDARD_LIBRARIES = YES;
				CODE_SIGN_STYLE = Automatic;
				INFOPLIST_FILE = LogosAppUITests/Info.plist;
				LD_RUNPATH_SEARCH_PATHS = (
					"$(inherited)",
					"@executable_path/Frameworks",
					"@loader_path/Frameworks",
				);
				PRODUCT_BUNDLE_IDENTIFIER = com.til.gaana.LogosAppUITests;
				PRODUCT_NAME = "$(TARGET_NAME)";
				SWIFT_VERSION = 5.0;
				TARGETED_DEVICE_FAMILY = "1,2";
				TEST_TARGET_NAME = LogosApp;
			};
			name = Debug;
		};
		93AE123822D074AC00EE6DD0 /* Release */ = {
			isa = XCBuildConfiguration;
			baseConfigurationReference = BA0095F9F61531143417B285 /* Pods-LogosAppUITests.release.xcconfig */;
			buildSettings = {
				ALWAYS_EMBED_SWIFT_STANDARD_LIBRARIES = YES;
				CODE_SIGN_STYLE = Automatic;
				INFOPLIST_FILE = LogosAppUITests/Info.plist;
				LD_RUNPATH_SEARCH_PATHS = (
					"$(inherited)",
					"@executable_path/Frameworks",
					"@loader_path/Frameworks",
				);
				PRODUCT_BUNDLE_IDENTIFIER = com.til.gaana.LogosAppUITests;
				PRODUCT_NAME = "$(TARGET_NAME)";
				SWIFT_VERSION = 5.0;
				TARGETED_DEVICE_FAMILY = "1,2";
				TEST_TARGET_NAME = LogosApp;
			};
			name = Release;
		};
/* End XCBuildConfiguration section */

/* Begin XCConfigurationList section */
		93AE120322D074AA00EE6DD0 /* Build configuration list for PBXProject "LogosApp" */ = {
			isa = XCConfigurationList;
			buildConfigurations = (
				93AE122E22D074AC00EE6DD0 /* Debug */,
				93AE122F22D074AC00EE6DD0 /* Release */,
			);
			defaultConfigurationIsVisible = 0;
			defaultConfigurationName = Release;
		};
		93AE123022D074AC00EE6DD0 /* Build configuration list for PBXNativeTarget "LogosApp" */ = {
			isa = XCConfigurationList;
			buildConfigurations = (
				93AE123122D074AC00EE6DD0 /* Debug */,
				93AE123222D074AC00EE6DD0 /* Release */,
			);
			defaultConfigurationIsVisible = 0;
			defaultConfigurationName = Release;
		};
		93AE123322D074AC00EE6DD0 /* Build configuration list for PBXNativeTarget "LogosAppTests" */ = {
			isa = XCConfigurationList;
			buildConfigurations = (
				93AE123422D074AC00EE6DD0 /* Debug */,
				93AE123522D074AC00EE6DD0 /* Release */,
			);
			defaultConfigurationIsVisible = 0;
			defaultConfigurationName = Release;
		};
		93AE123622D074AC00EE6DD0 /* Build configuration list for PBXNativeTarget "LogosAppUITests" */ = {
			isa = XCConfigurationList;
			buildConfigurations = (
				93AE123722D074AC00EE6DD0 /* Debug */,
				93AE123822D074AC00EE6DD0 /* Release */,
			);
			defaultConfigurationIsVisible = 0;
			defaultConfigurationName = Release;
		};
/* End XCConfigurationList section */
	};
	rootObject = 93AE120022D074AA00EE6DD0 /* Project object */;
}
